{
  "name": "global-indices-tracker",
  "lockfileVersion": 3,
  "requires": true,
  "packages": {
    "": {
      "name": "global-indices-tracker",
      "workspaces": [
        "apps/*"
      ]
    },
    "apps/container": {
      "name": "@global-indices/container",
      "version": "0.0.0"
    },
    "apps/mfe-nasdaq": {
      "name": "@global-indices/mfe-nasdaq",
      "version": "0.0.0"
    },
    "apps/mfe-nifty": {
      "name": "@global-indices/mfe-nifty",
      "version": "0.0.0"
    },
    "node_modules/@global-indices/container": {
      "resolved": "apps/container",
      "link": true
    },
    "node_modules/@global-indices/mfe-nasdaq": {
      "resolved": "apps/mfe-nasdaq",
      "link": true
    },
    "node_modules/@global-indices/mfe-nifty": {
      "resolved": "apps/mfe-nifty",
      "link": true
    }
  }
}
